
Microsoft Visual Studio Solution File, Format Version 12.00
# Visual Studio Version 16
VisualStudioVersion = 16.0.29905.134
MinimumVisualStudioVersion = 10.0.40219.1
Project("{FAE04EC0-301F-11D3-BF4B-00C04F79EFBC}") = "Meeup01", "Meeup01\Meeup01.csproj", "{7EA43FA2-6A12-4617-B6EB-87FACE0FAA41}"
EndProject
Project("{FAE04EC0-301F-11D3-BF4B-00C04F79EFBC}") = "Meeup01.Models", "Meeup01.Models\Meeup01.Models.csproj", "{BF169D4B-C766-4F51-9110-0286D7E15163}"
EndProject
Global
	GlobalSection(SolutionConfigurationPlatforms) = preSolution
		Debug|Any CPU = Debug|Any CPU
		Release|Any CPU = Release|Any CPU
	EndGlobalSection
	GlobalSection(ProjectConfigurationPlatforms) = postSolution
		{7EA43FA2-6A12-4617-B6EB-87FACE0FAA41}.Debug|Any CPU.ActiveCfg = Debug|Any CPU
		{7EA43FA2-6A12-4617-B6EB-87FACE0FAA41}.Debug|Any CPU.Build.0 = Debug|Any CPU
		{7EA43FA2-6A12-4617-B6EB-87FACE0FAA41}.Release|Any CPU.ActiveCfg = Release|Any CPU
		{7EA43FA2-6A12-4617-B6EB-87FACE0FAA41}.Release|Any CPU.Build.0 = Release|Any CPU
		{BF169D4B-C766-4F51-9110-0286D7E15163}.Debug|Any CPU.ActiveCfg = Debug|Any CPU
		{BF169D4B-C766-4F51-9110-0286D7E15163}.Debug|Any CPU.Build.0 = Debug|Any CPU
		{BF169D4B-C766-4F51-9110-0286D7E15163}.Release|Any CPU.ActiveCfg = Release|Any CPU
		{BF169D4B-C766-4F51-9110-0286D7E15163}.Release|Any CPU.Build.0 = Release|Any CPU
	EndGlobalSection
	GlobalSection(SolutionProperties) = preSolution
		HideSolutionNode = FALSE
	EndGlobalSection
	GlobalSection(ExtensibilityGlobals) = postSolution
		SolutionGuid = {32971CDF-A322-4971-8186-F7DEC5CDB3B6}
	EndGlobalSection
EndGlobal
